
Microsoft Visual Studio Solution File, Format Version 12.00
# Visual Studio 14
VisualStudioVersion = 14.0.24720.0
MinimumVisualStudioVersion = 10.0.40219.1
Project("{FAE04EC0-301F-11D3-BF4B-00C04F79EFBC}") = "Crossworder", "Crossworder.csproj", "{76E19AB3-4F2B-4482-A417-E0D9F3C1C53C}"
EndProject
Project("{FAE04EC0-301F-11D3-BF4B-00C04F79EFBC}") = "Data", "..\Data\Data.csproj", "{3861DA92-9C81-4AEB-A2F8-6EE7F6CA2680}"
EndProject
Global
	GlobalSection(SolutionConfigurationPlatforms) = preSolution
		Debug|Any CPU = Debug|Any CPU
		Release|Any CPU = Release|Any CPU
	EndGlobalSection
	GlobalSection(ProjectConfigurationPlatforms) = postSolution
		{76E19AB3-4F2B-4482-A417-E0D9F3C1C53C}.Debug|Any CPU.ActiveCfg = Debug|Any CPU
		{76E19AB3-4F2B-4482-A417-E0D9F3C1C53C}.Debug|Any CPU.Build.0 = Debug|Any CPU
		{76E19AB3-4F2B-4482-A417-E0D9F3C1C53C}.Release|Any CPU.ActiveCfg = Release|Any CPU
		{76E19AB3-4F2B-4482-A417-E0D9F3C1C53C}.Release|Any CPU.Build.0 = Release|Any CPU
		{3861DA92-9C81-4AEB-A2F8-6EE7F6CA2680}.Debug|Any CPU.ActiveCfg = Debug|Any CPU
		{3861DA92-9C81-4AEB-A2F8-6EE7F6CA2680}.Debug|Any CPU.Build.0 = Debug|Any CPU
		{3861DA92-9C81-4AEB-A2F8-6EE7F6CA2680}.Release|Any CPU.ActiveCfg = Release|Any CPU
		{3861DA92-9C81-4AEB-A2F8-6EE7F6CA2680}.Release|Any CPU.Build.0 = Release|Any CPU
	EndGlobalSection
	GlobalSection(SolutionProperties) = preSolution
		HideSolutionNode = FALSE
	EndGlobalSection
EndGlobal
