
Microsoft Visual Studio Solution File, Format Version 12.00
# Visual Studio 14
VisualStudioVersion = 14.0.24720.0
MinimumVisualStudioVersion = 10.0.40219.1
Project("{FAE04EC0-301F-11D3-BF4B-00C04F79EFBC}") = "Crossworder", "Crossworder\Crossworder.csproj", "{BE5E20F8-52C8-4B37-B4E0-E4BD23A8C8E2}"
EndProject
Project("{FAE04EC0-301F-11D3-BF4B-00C04F79EFBC}") = "Data", "Data\Data.csproj", "{83CDFCD6-D2F3-49EA-AB80-E36B725771CC}"
EndProject
Global
	GlobalSection(SolutionConfigurationPlatforms) = preSolution
		Debug|Any CPU = Debug|Any CPU
		Release|Any CPU = Release|Any CPU
	EndGlobalSection
	GlobalSection(ProjectConfigurationPlatforms) = postSolution
		{BE5E20F8-52C8-4B37-B4E0-E4BD23A8C8E2}.Debug|Any CPU.ActiveCfg = Debug|Any CPU
		{BE5E20F8-52C8-4B37-B4E0-E4BD23A8C8E2}.Debug|Any CPU.Build.0 = Debug|Any CPU
		{BE5E20F8-52C8-4B37-B4E0-E4BD23A8C8E2}.Release|Any CPU.ActiveCfg = Release|Any CPU
		{BE5E20F8-52C8-4B37-B4E0-E4BD23A8C8E2}.Release|Any CPU.Build.0 = Release|Any CPU
		{83CDFCD6-D2F3-49EA-AB80-E36B725771CC}.Debug|Any CPU.ActiveCfg = Debug|Any CPU
		{83CDFCD6-D2F3-49EA-AB80-E36B725771CC}.Debug|Any CPU.Build.0 = Debug|Any CPU
		{83CDFCD6-D2F3-49EA-AB80-E36B725771CC}.Release|Any CPU.ActiveCfg = Release|Any CPU
		{83CDFCD6-D2F3-49EA-AB80-E36B725771CC}.Release|Any CPU.Build.0 = Release|Any CPU
	EndGlobalSection
	GlobalSection(SolutionProperties) = preSolution
		HideSolutionNode = FALSE
	EndGlobalSection
EndGlobal
